
Microsoft Visual Studio Solution File, Format Version 12.00
# Visual Studio Version 17
VisualStudioVersion = 17.11.35327.3
MinimumVisualStudioVersion = 10.0.40219.1
Project("{FAE04EC0-301F-11D3-BF4B-00C04F79EFBC}") = "CarouselTagHelper", "CarouselTagHelper\CarouselTagHelper.csproj", "{A7934EEF-EB4A-4866-BBCE-2D5D1C03349D}"
EndProject
Global
	GlobalSection(SolutionConfigurationPlatforms) = preSolution
		Debug|Any CPU = Debug|Any CPU
		Release|Any CPU = Release|Any CPU
	EndGlobalSection
	GlobalSection(ProjectConfigurationPlatforms) = postSolution
		{A7934EEF-EB4A-4866-BBCE-2D5D1C03349D}.Debug|Any CPU.ActiveCfg = Debug|Any CPU
		{A7934EEF-EB4A-4866-BBCE-2D5D1C03349D}.Debug|Any CPU.Build.0 = Debug|Any CPU
		{A7934EEF-EB4A-4866-BBCE-2D5D1C03349D}.Release|Any CPU.ActiveCfg = Release|Any CPU
		{A7934EEF-EB4A-4866-BBCE-2D5D1C03349D}.Release|Any CPU.Build.0 = Release|Any CPU
	EndGlobalSection
	GlobalSection(SolutionProperties) = preSolution
		HideSolutionNode = FALSE
	EndGlobalSection
	GlobalSection(ExtensibilityGlobals) = postSolution
		SolutionGuid = {BDE69144-FFBF-4DF1-85C8-C738FFB3A489}
	EndGlobalSection
EndGlobal
